
Microsoft Visual Studio Solution File, Format Version 12.00
# Visual Studio Version 16
VisualStudioVersion = 16.0.30309.148
MinimumVisualStudioVersion = 10.0.40219.1
Project("{FAE04EC0-301F-11D3-BF4B-00C04F79EFBC}") = "线程修改控件值", "线程修改控件值\线程修改控件值.csproj", "{01F9CEB1-07AC-4B0C-A2B0-88773C48334B}"
EndProject
Global
	GlobalSection(SolutionConfigurationPlatforms) = preSolution
		Debug|Any CPU = Debug|Any CPU
		Release|Any CPU = Release|Any CPU
	EndGlobalSection
	GlobalSection(ProjectConfigurationPlatforms) = postSolution
		{01F9CEB1-07AC-4B0C-A2B0-88773C48334B}.Debug|Any CPU.ActiveCfg = Debug|Any CPU
		{01F9CEB1-07AC-4B0C-A2B0-88773C48334B}.Debug|Any CPU.Build.0 = Debug|Any CPU
		{01F9CEB1-07AC-4B0C-A2B0-88773C48334B}.Release|Any CPU.ActiveCfg = Release|Any CPU
		{01F9CEB1-07AC-4B0C-A2B0-88773C48334B}.Release|Any CPU.Build.0 = Release|Any CPU
	EndGlobalSection
	GlobalSection(SolutionProperties) = preSolution
		HideSolutionNode = FALSE
	EndGlobalSection
	GlobalSection(ExtensibilityGlobals) = postSolution
		SolutionGuid = {19C10BA3-A6E8-4FAF-9B2F-7BD855BEA803}
	EndGlobalSection
EndGlobal
